
Microsoft Visual Studio Solution File, Format Version 12.00
# Visual Studio Version 17
VisualStudioVersion = 17.1.32210.238
MinimumVisualStudioVersion = 10.0.40219.1
Project("{9A19103F-16F7-4668-BE54-9A1E7A4F7556}") = "PPTDataLibrary", "PPTDataLibrary\PPTDataLibrary.csproj", "{D3D03EE7-00B2-4E2E-992C-2DFE00B193DC}"
EndProject
Project("{9A19103F-16F7-4668-BE54-9A1E7A4F7556}") = "PPTXParsingTest", "PPTXParsingTest\PPTXParsingTest.csproj", "{AC2941F7-27FE-4F8D-BA65-FBF29EEF88FF}"
EndProject
Project("{FAE04EC0-301F-11D3-BF4B-00C04F79EFBC}") = "PPTWebApp", "PPTWebApp\PPTWebApp.csproj", "{630DC3F2-E2CA-4066-92B7-BB173C427405}"
EndProject
Global
	GlobalSection(SolutionConfigurationPlatforms) = preSolution
		Debug|Any CPU = Debug|Any CPU
		Release|Any CPU = Release|Any CPU
	EndGlobalSection
	GlobalSection(ProjectConfigurationPlatforms) = postSolution
		{D3D03EE7-00B2-4E2E-992C-2DFE00B193DC}.Debug|Any CPU.ActiveCfg = Debug|Any CPU
		{D3D03EE7-00B2-4E2E-992C-2DFE00B193DC}.Debug|Any CPU.Build.0 = Debug|Any CPU
		{D3D03EE7-00B2-4E2E-992C-2DFE00B193DC}.Release|Any CPU.ActiveCfg = Release|Any CPU
		{D3D03EE7-00B2-4E2E-992C-2DFE00B193DC}.Release|Any CPU.Build.0 = Release|Any CPU
		{AC2941F7-27FE-4F8D-BA65-FBF29EEF88FF}.Debug|Any CPU.ActiveCfg = Debug|Any CPU
		{AC2941F7-27FE-4F8D-BA65-FBF29EEF88FF}.Debug|Any CPU.Build.0 = Debug|Any CPU
		{AC2941F7-27FE-4F8D-BA65-FBF29EEF88FF}.Release|Any CPU.ActiveCfg = Release|Any CPU
		{AC2941F7-27FE-4F8D-BA65-FBF29EEF88FF}.Release|Any CPU.Build.0 = Release|Any CPU
		{630DC3F2-E2CA-4066-92B7-BB173C427405}.Debug|Any CPU.ActiveCfg = Debug|Any CPU
		{630DC3F2-E2CA-4066-92B7-BB173C427405}.Debug|Any CPU.Build.0 = Debug|Any CPU
		{630DC3F2-E2CA-4066-92B7-BB173C427405}.Release|Any CPU.ActiveCfg = Release|Any CPU
		{630DC3F2-E2CA-4066-92B7-BB173C427405}.Release|Any CPU.Build.0 = Release|Any CPU
	EndGlobalSection
	GlobalSection(SolutionProperties) = preSolution
		HideSolutionNode = FALSE
	EndGlobalSection
	GlobalSection(ExtensibilityGlobals) = postSolution
		SolutionGuid = {DCFE9F96-32E6-41E0-B921-629E7BF382DA}
	EndGlobalSection
EndGlobal
